// !$*UTF8*$!
{
	archiveVersion = 1;
	classes = {
	};
	objectVersion = 55;
	objects = {

/* Begin PBXBuildFile section */
		C000B07C27C4AA77003F01D9 /* GoogleService-Info.plist in Resources */ = {isa = PBXBuildFile; fileRef = C000B07B27C4AA76003F01D9 /* GoogleService-Info.plist */; };
		C000B07F27C4AB63003F01D9 /* FirebaseAnalytics in Frameworks */ = {isa = PBXBuildFile; productRef = C000B07E27C4AB63003F01D9 /* FirebaseAnalytics */; };
		C000B08127C4AB63003F01D9 /* FirebaseAuth in Frameworks */ = {isa = PBXBuildFile; productRef = C000B08027C4AB63003F01D9 /* FirebaseAuth */; };
		C000B08327C4AB63003F01D9 /* FirebaseDatabase in Frameworks */ = {isa = PBXBuildFile; productRef = C000B08227C4AB63003F01D9 /* FirebaseDatabase */; };
		C000B08527C4AB63003F01D9 /* FirebaseStorage in Frameworks */ = {isa = PBXBuildFile; productRef = C000B08427C4AB63003F01D9 /* FirebaseStorage */; };
		C000B08727C4CC68003F01D9 /* Constant.swift in Sources */ = {isa = PBXBuildFile; fileRef = C000B08627C4CC68003F01D9 /* Constant.swift */; };
		C013CB9527C391C4009CAB28 /* UIColor.swift in Sources */ = {isa = PBXBuildFile; fileRef = C013CB9427C391C4009CAB28 /* UIColor.swift */; };
		C013CB9827C398CB009CAB28 /* LoginController.swift in Sources */ = {isa = PBXBuildFile; fileRef = C013CB9727C398CB009CAB28 /* LoginController.swift */; };
		C013CB9A27C3992F009CAB28 /* RegisterController.swift in Sources */ = {isa = PBXBuildFile; fileRef = C013CB9927C3992F009CAB28 /* RegisterController.swift */; };
		C03DC55127CF6C0E0031F624 /* ProfileHeader.swift in Sources */ = {isa = PBXBuildFile; fileRef = C03DC55027CF6C0E0031F624 /* ProfileHeader.swift */; };
		C03DC55327CFAECF0031F624 /* ProfileFilterView.swift in Sources */ = {isa = PBXBuildFile; fileRef = C03DC55227CFAECF0031F624 /* ProfileFilterView.swift */; };
		C03DC55627CFB0FE0031F624 /* ProfileFilterCell.swift in Sources */ = {isa = PBXBuildFile; fileRef = C03DC55527CFB0FE0031F624 /* ProfileFilterCell.swift */; };
		C04F344127C7649B0063DAA8 /* UserService.swift in Sources */ = {isa = PBXBuildFile; fileRef = C04F344027C7649B0063DAA8 /* UserService.swift */; };
		C04F344327C769050063DAA8 /* User.swift in Sources */ = {isa = PBXBuildFile; fileRef = C04F344227C769050063DAA8 /* User.swift */; };
		C04F344627C76DF60063DAA8 /* SDWebImage in Frameworks */ = {isa = PBXBuildFile; productRef = C04F344527C76DF60063DAA8 /* SDWebImage */; };
		C04F344827C7B0B30063DAA8 /* UploadTweetController.swift in Sources */ = {isa = PBXBuildFile; fileRef = C04F344727C7B0B30063DAA8 /* UploadTweetController.swift */; };
		C04F344A27C7B6B50063DAA8 /* CaptionTextView.swift in Sources */ = {isa = PBXBuildFile; fileRef = C04F344927C7B6B50063DAA8 /* CaptionTextView.swift */; };
		C04F344C27C7BB850063DAA8 /* TweetService.swift in Sources */ = {isa = PBXBuildFile; fileRef = C04F344B27C7BB850063DAA8 /* TweetService.swift */; };
		C054354E27CCBE2400D0D1BB /* TweetViewModel.swift in Sources */ = {isa = PBXBuildFile; fileRef = C054354D27CCBE2400D0D1BB /* TweetViewModel.swift */; };
		C054355027CCCA6000D0D1BB /* ProfileController.swift in Sources */ = {isa = PBXBuildFile; fileRef = C054354F27CCCA6000D0D1BB /* ProfileController.swift */; };
		C07A83D327C5FC6F00B79EDF /* AuthService.swift in Sources */ = {isa = PBXBuildFile; fileRef = C07A83D227C5FC6E00B79EDF /* AuthService.swift */; };
		C089843427BE0ADB00B95025 /* AppDelegate.swift in Sources */ = {isa = PBXBuildFile; fileRef = C089843327BE0ADB00B95025 /* AppDelegate.swift */; };
		C089843627BE0ADB00B95025 /* SceneDelegate.swift in Sources */ = {isa = PBXBuildFile; fileRef = C089843527BE0ADB00B95025 /* SceneDelegate.swift */; };
		C089843827BE0ADB00B95025 /* ViewController.swift in Sources */ = {isa = PBXBuildFile; fileRef = C089843727BE0ADB00B95025 /* ViewController.swift */; };
		C089844027BE0ADD00B95025 /* LaunchScreen.storyboard in Resources */ = {isa = PBXBuildFile; fileRef = C089843E27BE0ADD00B95025 /* LaunchScreen.storyboard */; };
		C089844B27BE0ADD00B95025 /* TwitterClodeTests.swift in Sources */ = {isa = PBXBuildFile; fileRef = C089844A27BE0ADD00B95025 /* TwitterClodeTests.swift */; };
		C089845527BE0ADD00B95025 /* TwitterClodeUITests.swift in Sources */ = {isa = PBXBuildFile; fileRef = C089845427BE0ADD00B95025 /* TwitterClodeUITests.swift */; };
		C089845727BE0ADD00B95025 /* TwitterClodeUITestsLaunchTests.swift in Sources */ = {isa = PBXBuildFile; fileRef = C089845627BE0ADD00B95025 /* TwitterClodeUITestsLaunchTests.swift */; };
		C089846A27BE0BD200B95025 /* MainTabController.swift in Sources */ = {isa = PBXBuildFile; fileRef = C089846927BE0BD200B95025 /* MainTabController.swift */; };
		C089846C27BE0D4E00B95025 /* FeedController.swift in Sources */ = {isa = PBXBuildFile; fileRef = C089846B27BE0D4E00B95025 /* FeedController.swift */; };
		C089846E27BE0DFB00B95025 /* NotificationController.swift in Sources */ = {isa = PBXBuildFile; fileRef = C089846D27BE0DFB00B95025 /* NotificationController.swift */; };
		C089847027BE0E0A00B95025 /* ConversationController.swift in Sources */ = {isa = PBXBuildFile; fileRef = C089846F27BE0E0A00B95025 /* ConversationController.swift */; };
		C089847227BE0E8500B95025 /* ExploreController.swift in Sources */ = {isa = PBXBuildFile; fileRef = C089847127BE0E8500B95025 /* ExploreController.swift */; };
		C089847727BE2B8D00B95025 /* SnapKit in Frameworks */ = {isa = PBXBuildFile; productRef = C089847627BE2B8D00B95025 /* SnapKit */; };
		C0B544BB27D25E5400F20D5E /* UITextField.swift in Sources */ = {isa = PBXBuildFile; fileRef = C0B544BA27D25E5400F20D5E /* UITextField.swift */; };
		C0B544BD27D25E7D00F20D5E /* UIImage.swift in Sources */ = {isa = PBXBuildFile; fileRef = C0B544BC27D25E7D00F20D5E /* UIImage.swift */; };
		C0B544BF27D25EEF00F20D5E /* UIViewController.swift in Sources */ = {isa = PBXBuildFile; fileRef = C0B544BE27D25EEF00F20D5E /* UIViewController.swift */; };
		C0B544C127D25F3B00F20D5E /* IndicatorView.swift in Sources */ = {isa = PBXBuildFile; fileRef = C0B544C027D25F3B00F20D5E /* IndicatorView.swift */; };
		C0B736D127DCEBFA009DAA99 /* Assets.xcassets in Resources */ = {isa = PBXBuildFile; fileRef = C0B736D027DCEBFA009DAA99 /* Assets.xcassets */; };
		C0B8271827DDBC770027812A /* ProfileHeaderViewModel.swift in Sources */ = {isa = PBXBuildFile; fileRef = C0B8271727DDBC770027812A /* ProfileHeaderViewModel.swift */; };
		C0D2156E27C3A4BF00434B6A /* Utillities.swift in Sources */ = {isa = PBXBuildFile; fileRef = C0D2156D27C3A4BF00434B6A /* Utillities.swift */; };
		C0E78C8427CBC37800F93C98 /* TweetCell.swift in Sources */ = {isa = PBXBuildFile; fileRef = C0E78C8327CBC37800F93C98 /* TweetCell.swift */; };
		C0EFC0BF27CA705400DB1505 /* Tweet.swift in Sources */ = {isa = PBXBuildFile; fileRef = C0EFC0BE27CA705400DB1505 /* Tweet.swift */; };
/* End PBXBuildFile section */

/* Begin PBXContainerItemProxy section */
		C089844727BE0ADD00B95025 /* PBXContainerItemProxy */ = {
			isa = PBXContainerItemProxy;
			containerPortal = C089842827BE0ADB00B95025 /* Project object */;
			proxyType = 1;
			remoteGlobalIDString = C089842F27BE0ADB00B95025;
			remoteInfo = TwitterClode;
		};
		C089845127BE0ADD00B95025 /* PBXContainerItemProxy */ = {
			isa = PBXContainerItemProxy;
			containerPortal = C089842827BE0ADB00B95025 /* Project object */;
			proxyType = 1;
			remoteGlobalIDString = C089842F27BE0ADB00B95025;
			remoteInfo = TwitterClode;
		};
/* End PBXContainerItemProxy section */

/* Begin PBXFileReference section */
		C000B07B27C4AA76003F01D9 /* GoogleService-Info.plist */ = {isa = PBXFileReference; fileEncoding = 4; lastKnownFileType = text.plist.xml; path = "GoogleService-Info.plist"; sourceTree = "<group>"; };
		C000B08627C4CC68003F01D9 /* Constant.swift */ = {isa = PBXFileReference; lastKnownFileType = sourcecode.swift; path = Constant.swift; sourceTree = "<group>"; };
		C013CB9427C391C4009CAB28 /* UIColor.swift */ = {isa = PBXFileReference; lastKnownFileType = sourcecode.swift; path = UIColor.swift; sourceTree = "<group>"; };
		C013CB9727C398CB009CAB28 /* LoginController.swift */ = {isa = PBXFileReference; lastKnownFileType = sourcecode.swift; path = LoginController.swift; sourceTree = "<group>"; };
		C013CB9927C3992F009CAB28 /* RegisterController.swift */ = {isa = PBXFileReference; lastKnownFileType = sourcecode.swift; path = RegisterController.swift; sourceTree = "<group>"; };
		C03DC55027CF6C0E0031F624 /* ProfileHeader.swift */ = {isa = PBXFileReference; lastKnownFileType = sourcecode.swift; path = ProfileHeader.swift; sourceTree = "<group>"; };
		C03DC55227CFAECF0031F624 /* ProfileFilterView.swift */ = {isa = PBXFileReference; lastKnownFileType = sourcecode.swift; path = ProfileFilterView.swift; sourceTree = "<group>"; };
		C03DC55527CFB0FE0031F624 /* ProfileFilterCell.swift */ = {isa = PBXFileReference; lastKnownFileType = sourcecode.swift; path = ProfileFilterCell.swift; sourceTree = "<group>"; };
		C04F344027C7649B0063DAA8 /* UserService.swift */ = {isa = PBXFileReference; lastKnownFileType = sourcecode.swift; path = UserService.swift; sourceTree = "<group>"; };
		C04F344227C769050063DAA8 /* User.swift */ = {isa = PBXFileReference; lastKnownFileType = sourcecode.swift; path = User.swift; sourceTree = "<group>"; };
		C04F344727C7B0B30063DAA8 /* UploadTweetController.swift */ = {isa = PBXFileReference; lastKnownFileType = sourcecode.swift; path = UploadTweetController.swift; sourceTree = "<group>"; };
		C04F344927C7B6B50063DAA8 /* CaptionTextView.swift */ = {isa = PBXFileReference; lastKnownFileType = sourcecode.swift; path = CaptionTextView.swift; sourceTree = "<group>"; };
		C04F344B27C7BB850063DAA8 /* TweetService.swift */ = {isa = PBXFileReference; lastKnownFileType = sourcecode.swift; path = TweetService.swift; sourceTree = "<group>"; };
		C054354D27CCBE2400D0D1BB /* TweetViewModel.swift */ = {isa = PBXFileReference; lastKnownFileType = sourcecode.swift; path = TweetViewModel.swift; sourceTree = "<group>"; };
		C054354F27CCCA6000D0D1BB /* ProfileController.swift */ = {isa = PBXFileReference; lastKnownFileType = sourcecode.swift; path = ProfileController.swift; sourceTree = "<group>"; };
		C07A83D227C5FC6E00B79EDF /* AuthService.swift */ = {isa = PBXFileReference; lastKnownFileType = sourcecode.swift; path = AuthService.swift; sourceTree = "<group>"; };
		C089843027BE0ADB00B95025 /* TwitterClode.app */ = {isa = PBXFileReference; explicitFileType = wrapper.application; includeInIndex = 0; path = TwitterClode.app; sourceTree = BUILT_PRODUCTS_DIR; };
		C089843327BE0ADB00B95025 /* AppDelegate.swift */ = {isa = PBXFileReference; lastKnownFileType = sourcecode.swift; path = AppDelegate.swift; sourceTree = "<group>"; };
		C089843527BE0ADB00B95025 /* SceneDelegate.swift */ = {isa = PBXFileReference; lastKnownFileType = sourcecode.swift; path = SceneDelegate.swift; sourceTree = "<group>"; };
		C089843727BE0ADB00B95025 /* ViewController.swift */ = {isa = PBXFileReference; lastKnownFileType = sourcecode.swift; path = ViewController.swift; sourceTree = "<group>"; };
		C089843F27BE0ADD00B95025 /* Base */ = {isa = PBXFileReference; lastKnownFileType = file.storyboard; name = Base; path = Base.lproj/LaunchScreen.storyboard; sourceTree = "<group>"; };
		C089844127BE0ADD00B95025 /* Info.plist */ = {isa = PBXFileReference; lastKnownFileType = text.plist.xml; path = Info.plist; sourceTree = "<group>"; };
		C089844627BE0ADD00B95025 /* TwitterClodeTests.xctest */ = {isa = PBXFileReference; explicitFileType = wrapper.cfbundle; includeInIndex = 0; path = TwitterClodeTests.xctest; sourceTree = BUILT_PRODUCTS_DIR; };
		C089844A27BE0ADD00B95025 /* TwitterClodeTests.swift */ = {isa = PBXFileReference; lastKnownFileType = sourcecode.swift; path = TwitterClodeTests.swift; sourceTree = "<group>"; };
		C089845027BE0ADD00B95025 /* TwitterClodeUITests.xctest */ = {isa = PBXFileReference; explicitFileType = wrapper.cfbundle; includeInIndex = 0; path = TwitterClodeUITests.xctest; sourceTree = BUILT_PRODUCTS_DIR; };
		C089845427BE0ADD00B95025 /* TwitterClodeUITests.swift */ = {isa = PBXFileReference; lastKnownFileType = sourcecode.swift; path = TwitterClodeUITests.swift; sourceTree = "<group>"; };
		C089845627BE0ADD00B95025 /* TwitterClodeUITestsLaunchTests.swift */ = {isa = PBXFileReference; lastKnownFileType = sourcecode.swift; path = TwitterClodeUITestsLaunchTests.swift; sourceTree = "<group>"; };
		C089846927BE0BD200B95025 /* MainTabController.swift */ = {isa = PBXFileReference; lastKnownFileType = sourcecode.swift; path = MainTabController.swift; sourceTree = "<group>"; };
		C089846B27BE0D4E00B95025 /* FeedController.swift */ = {isa = PBXFileReference; lastKnownFileType = sourcecode.swift; path = FeedController.swift; sourceTree = "<group>"; };
		C089846D27BE0DFB00B95025 /* NotificationController.swift */ = {isa = PBXFileReference; lastKnownFileType = sourcecode.swift; path = NotificationController.swift; sourceTree = "<group>"; };
		C089846F27BE0E0A00B95025 /* ConversationController.swift */ = {isa = PBXFileReference; lastKnownFileType = sourcecode.swift; path = ConversationController.swift; sourceTree = "<group>"; };
		C089847127BE0E8500B95025 /* ExploreController.swift */ = {isa = PBXFileReference; lastKnownFileType = sourcecode.swift; path = ExploreController.swift; sourceTree = "<group>"; };
		C0B544BA27D25E5400F20D5E /* UITextField.swift */ = {isa = PBXFileReference; fileEncoding = 4; lastKnownFileType = sourcecode.swift; path = UITextField.swift; sourceTree = "<group>"; };
		C0B544BC27D25E7D00F20D5E /* UIImage.swift */ = {isa = PBXFileReference; fileEncoding = 4; lastKnownFileType = sourcecode.swift; path = UIImage.swift; sourceTree = "<group>"; };
		C0B544BE27D25EEF00F20D5E /* UIViewController.swift */ = {isa = PBXFileReference; fileEncoding = 4; lastKnownFileType = sourcecode.swift; path = UIViewController.swift; sourceTree = "<group>"; };
		C0B544C027D25F3B00F20D5E /* IndicatorView.swift */ = {isa = PBXFileReference; fileEncoding = 4; lastKnownFileType = sourcecode.swift; path = IndicatorView.swift; sourceTree = "<group>"; };
		C0B736D027DCEBFA009DAA99 /* Assets.xcassets */ = {isa = PBXFileReference; lastKnownFileType = folder.assetcatalog; path = Assets.xcassets; sourceTree = "<group>"; };
		C0B8271727DDBC770027812A /* ProfileHeaderViewModel.swift */ = {isa = PBXFileReference; lastKnownFileType = sourcecode.swift; path = ProfileHeaderViewModel.swift; sourceTree = "<group>"; };
		C0D2156D27C3A4BF00434B6A /* Utillities.swift */ = {isa = PBXFileReference; lastKnownFileType = sourcecode.swift; path = Utillities.swift; sourceTree = "<group>"; };
		C0E78C8327CBC37800F93C98 /* TweetCell.swift */ = {isa = PBXFileReference; lastKnownFileType = sourcecode.swift; path = TweetCell.swift; sourceTree = "<group>"; };
		C0EFC0BE27CA705400DB1505 /* Tweet.swift */ = {isa = PBXFileReference; lastKnownFileType = sourcecode.swift; path = Tweet.swift; sourceTree = "<group>"; };
/* End PBXFileReference section */

/* Begin PBXFrameworksBuildPhase section */
		C089842D27BE0ADB00B95025 /* Frameworks */ = {
			isa = PBXFrameworksBuildPhase;
			buildActionMask = 2147483647;
			files = (
				C04F344627C76DF60063DAA8 /* SDWebImage in Frameworks */,
				C000B07F27C4AB63003F01D9 /* FirebaseAnalytics in Frameworks */,
				C000B08127C4AB63003F01D9 /* FirebaseAuth in Frameworks */,
				C000B08327C4AB63003F01D9 /* FirebaseDatabase in Frameworks */,
				C000B08527C4AB63003F01D9 /* FirebaseStorage in Frameworks */,
				C089847727BE2B8D00B95025 /* SnapKit in Frameworks */,
			);
			runOnlyForDeploymentPostprocessing = 0;
		};
		C089844327BE0ADD00B95025 /* Frameworks */ = {
			isa = PBXFrameworksBuildPhase;
			buildActionMask = 2147483647;
			files = (
			);
			runOnlyForDeploymentPostprocessing = 0;
		};
		C089844D27BE0ADD00B95025 /* Frameworks */ = {
			isa = PBXFrameworksBuildPhase;
			buildActionMask = 2147483647;
			files = (
			);
			runOnlyForDeploymentPostprocessing = 0;
		};
/* End PBXFrameworksBuildPhase section */

/* Begin PBXGroup section */
		C013CB9627C398AF009CAB28 /* Authentication */ = {
			isa = PBXGroup;
			children = (
				C013CB9727C398CB009CAB28 /* LoginController.swift */,
				C013CB9927C3992F009CAB28 /* RegisterController.swift */,
			);
			path = Authentication;
			sourceTree = "<group>";
		};
		C03DC55427CFB0E20031F624 /* Profile */ = {
			isa = PBXGroup;
			children = (
				C03DC55027CF6C0E0031F624 /* ProfileHeader.swift */,
				C03DC55227CFAECF0031F624 /* ProfileFilterView.swift */,
				C03DC55527CFB0FE0031F624 /* ProfileFilterCell.swift */,
			);
			path = Profile;
			sourceTree = "<group>";
		};
		C089842727BE0ADB00B95025 = {
			isa = PBXGroup;
			children = (
				C089843227BE0ADB00B95025 /* TwitterClode */,
				C089844927BE0ADD00B95025 /* TwitterClodeTests */,
				C089845327BE0ADD00B95025 /* TwitterClodeUITests */,
				C089843127BE0ADB00B95025 /* Products */,
			);
			sourceTree = "<group>";
		};
		C089843127BE0ADB00B95025 /* Products */ = {
			isa = PBXGroup;
			children = (
				C089843027BE0ADB00B95025 /* TwitterClode.app */,
				C089844627BE0ADD00B95025 /* TwitterClodeTests.xctest */,
				C089845027BE0ADD00B95025 /* TwitterClodeUITests.xctest */,
			);
			name = Products;
			sourceTree = "<group>";
		};
		C089843227BE0ADB00B95025 /* TwitterClode */ = {
			isa = PBXGroup;
			children = (
				C089846727BE0B3600B95025 /* Model */,
				C089846627BE0B3300B95025 /* View */,
				C089846527BE0B3100B95025 /* ViewModel */,
				C089846427BE0B2F00B95025 /* Controller */,
				C089846327BE0B0400B95025 /* API */,
				C089846827BE0B5400B95025 /* Utils */,
				C089843327BE0ADB00B95025 /* AppDelegate.swift */,
				C089843527BE0ADB00B95025 /* SceneDelegate.swift */,
				C089843727BE0ADB00B95025 /* ViewController.swift */,
				C0B736D027DCEBFA009DAA99 /* Assets.xcassets */,
				C089843E27BE0ADD00B95025 /* LaunchScreen.storyboard */,
				C089844127BE0ADD00B95025 /* Info.plist */,
				C000B07B27C4AA76003F01D9 /* GoogleService-Info.plist */,
			);
			path = TwitterClode;
			sourceTree = "<group>";
		};
		C089844927BE0ADD00B95025 /* TwitterClodeTests */ = {
			isa = PBXGroup;
			children = (
				C089844A27BE0ADD00B95025 /* TwitterClodeTests.swift */,
			);
			path = TwitterClodeTests;
			sourceTree = "<group>";
		};
		C089845327BE0ADD00B95025 /* TwitterClodeUITests */ = {
			isa = PBXGroup;
			children = (
				C089845427BE0ADD00B95025 /* TwitterClodeUITests.swift */,
				C089845627BE0ADD00B95025 /* TwitterClodeUITestsLaunchTests.swift */,
			);
			path = TwitterClodeUITests;
			sourceTree = "<group>";
		};
		C089846327BE0B0400B95025 /* API */ = {
			isa = PBXGroup;
			children = (
				C000B08627C4CC68003F01D9 /* Constant.swift */,
				C07A83D227C5FC6E00B79EDF /* AuthService.swift */,
				C04F344027C7649B0063DAA8 /* UserService.swift */,
				C04F344B27C7BB850063DAA8 /* TweetService.swift */,
			);
			path = API;
			sourceTree = "<group>";
		};
		C089846427BE0B2F00B95025 /* Controller */ = {
			isa = PBXGroup;
			children = (
				C013CB9627C398AF009CAB28 /* Authentication */,
				C089846927BE0BD200B95025 /* MainTabController.swift */,
				C089846B27BE0D4E00B95025 /* FeedController.swift */,
				C089847127BE0E8500B95025 /* ExploreController.swift */,
				C089846D27BE0DFB00B95025 /* NotificationController.swift */,
				C089846F27BE0E0A00B95025 /* ConversationController.swift */,
				C04F344727C7B0B30063DAA8 /* UploadTweetController.swift */,
				C054354F27CCCA6000D0D1BB /* ProfileController.swift */,
			);
			path = Controller;
			sourceTree = "<group>";
		};
		C089846527BE0B3100B95025 /* ViewModel */ = {
			isa = PBXGroup;
			children = (
				C054354D27CCBE2400D0D1BB /* TweetViewModel.swift */,
				C0B8271727DDBC770027812A /* ProfileHeaderViewModel.swift */,
			);
			path = ViewModel;
			sourceTree = "<group>";
		};
		C089846627BE0B3300B95025 /* View */ = {
			isa = PBXGroup;
			children = (
				C03DC55427CFB0E20031F624 /* Profile */,
				C04F344927C7B6B50063DAA8 /* CaptionTextView.swift */,
				C0E78C8327CBC37800F93C98 /* TweetCell.swift */,
			);
			path = View;
			sourceTree = "<group>";
		};
		C089846727BE0B3600B95025 /* Model */ = {
			isa = PBXGroup;
			children = (
				C04F344227C769050063DAA8 /* User.swift */,
				C0EFC0BE27CA705400DB1505 /* Tweet.swift */,
			);
			path = Model;
			sourceTree = "<group>";
		};
		C089846827BE0B5400B95025 /* Utils */ = {
			isa = PBXGroup;
			children = (
				C0B544C027D25F3B00F20D5E /* IndicatorView.swift */,
				C089847827BE2C4500B95025 /* Extensions */,
			);
			path = Utils;
			sourceTree = "<group>";
		};
		C089847827BE2C4500B95025 /* Extensions */ = {
			isa = PBXGroup;
			children = (
				C0B544BE27D25EEF00F20D5E /* UIViewController.swift */,
				C0B544BA27D25E5400F20D5E /* UITextField.swift */,
				C0B544BC27D25E7D00F20D5E /* UIImage.swift */,
				C013CB9427C391C4009CAB28 /* UIColor.swift */,
				C0D2156D27C3A4BF00434B6A /* Utillities.swift */,
			);
			path = Extensions;
			sourceTree = "<group>";
		};
/* End PBXGroup section */

/* Begin PBXNativeTarget section */
		C089842F27BE0ADB00B95025 /* TwitterClode */ = {
			isa = PBXNativeTarget;
			buildConfigurationList = C089845A27BE0ADD00B95025 /* Build configuration list for PBXNativeTarget "TwitterClode" */;
			buildPhases = (
				C089842C27BE0ADB00B95025 /* Sources */,
				C089842D27BE0ADB00B95025 /* Frameworks */,
				C089842E27BE0ADB00B95025 /* Resources */,
			);
			buildRules = (
			);
			dependencies = (
			);
			name = TwitterClode;
			packageProductDependencies = (
				C089847627BE2B8D00B95025 /* SnapKit */,
				C000B07E27C4AB63003F01D9 /* FirebaseAnalytics */,
				C000B08027C4AB63003F01D9 /* FirebaseAuth */,
				C000B08227C4AB63003F01D9 /* FirebaseDatabase */,
				C000B08427C4AB63003F01D9 /* FirebaseStorage */,
				C04F344527C76DF60063DAA8 /* SDWebImage */,
			);
			productName = TwitterClode;
			productReference = C089843027BE0ADB00B95025 /* TwitterClode.app */;
			productType = "com.apple.product-type.application";
		};
		C089844527BE0ADD00B95025 /* TwitterClodeTests */ = {
			isa = PBXNativeTarget;
			buildConfigurationList = C089845D27BE0ADD00B95025 /* Build configuration list for PBXNativeTarget "TwitterClodeTests" */;
			buildPhases = (
				C089844227BE0ADD00B95025 /* Sources */,
				C089844327BE0ADD00B95025 /* Frameworks */,
				C089844427BE0ADD00B95025 /* Resources */,
			);
			buildRules = (
			);
			dependencies = (
				C089844827BE0ADD00B95025 /* PBXTargetDependency */,
			);
			name = TwitterClodeTests;
			productName = TwitterClodeTests;
			productReference = C089844627BE0ADD00B95025 /* TwitterClodeTests.xctest */;
			productType = "com.apple.product-type.bundle.unit-test";
		};
		C089844F27BE0ADD00B95025 /* TwitterClodeUITests */ = {
			isa = PBXNativeTarget;
			buildConfigurationList = C089846027BE0ADD00B95025 /* Build configuration list for PBXNativeTarget "TwitterClodeUITests" */;
			buildPhases = (
				C089844C27BE0ADD00B95025 /* Sources */,
				C089844D27BE0ADD00B95025 /* Frameworks */,
				C089844E27BE0ADD00B95025 /* Resources */,
			);
			buildRules = (
			);
			dependencies = (
				C089845227BE0ADD00B95025 /* PBXTargetDependency */,
			);
			name = TwitterClodeUITests;
			productName = TwitterClodeUITests;
			productReference = C089845027BE0ADD00B95025 /* TwitterClodeUITests.xctest */;
			productType = "com.apple.product-type.bundle.ui-testing";
		};
/* End PBXNativeTarget section */

/* Begin PBXProject section */
		C089842827BE0ADB00B95025 /* Project object */ = {
			isa = PBXProject;
			attributes = {
				BuildIndependentTargetsInParallel = 1;
				LastSwiftUpdateCheck = 1310;
				LastUpgradeCheck = 1310;
				TargetAttributes = {
					C089842F27BE0ADB00B95025 = {
						CreatedOnToolsVersion = 13.1;
					};
					C089844527BE0ADD00B95025 = {
						CreatedOnToolsVersion = 13.1;
						TestTargetID = C089842F27BE0ADB00B95025;
					};
					C089844F27BE0ADD00B95025 = {
						CreatedOnToolsVersion = 13.1;
						TestTargetID = C089842F27BE0ADB00B95025;
					};
				};
			};
			buildConfigurationList = C089842B27BE0ADB00B95025 /* Build configuration list for PBXProject "TwitterClode" */;
			compatibilityVersion = "Xcode 13.0";
			developmentRegion = en;
			hasScannedForEncodings = 0;
			knownRegions = (
				en,
				Base,
			);
			mainGroup = C089842727BE0ADB00B95025;
			packageReferences = (
				C089847527BE2B8D00B95025 /* XCRemoteSwiftPackageReference "SnapKit" */,
				C000B07D27C4AB63003F01D9 /* XCRemoteSwiftPackageReference "firebase-ios-sdk" */,
				C04F344427C76DF60063DAA8 /* XCRemoteSwiftPackageReference "SDWebImage" */,
			);
			productRefGroup = C089843127BE0ADB00B95025 /* Products */;
			projectDirPath = "";
			projectRoot = "";
			targets = (
				C089842F27BE0ADB00B95025 /* TwitterClode */,
				C089844527BE0ADD00B95025 /* TwitterClodeTests */,
				C089844F27BE0ADD00B95025 /* TwitterClodeUITests */,
			);
		};
/* End PBXProject section */

/* Begin PBXResourcesBuildPhase section */
		C089842E27BE0ADB00B95025 /* Resources */ = {
			isa = PBXResourcesBuildPhase;
			buildActionMask = 2147483647;
			files = (
				C089844027BE0ADD00B95025 /* LaunchScreen.storyboard in Resources */,
				C0B736D127DCEBFA009DAA99 /* Assets.xcassets in Resources */,
				C000B07C27C4AA77003F01D9 /* GoogleService-Info.plist in Resources */,
			);
			runOnlyForDeploymentPostprocessing = 0;
		};
		C089844427BE0ADD00B95025 /* Resources */ = {
			isa = PBXResourcesBuildPhase;
			buildActionMask = 2147483647;
			files = (
			);
			runOnlyForDeploymentPostprocessing = 0;
		};
		C089844E27BE0ADD00B95025 /* Resources */ = {
			isa = PBXResourcesBuildPhase;
			buildActionMask = 2147483647;
			files = (
			);
			runOnlyForDeploymentPostprocessing = 0;
		};
/* End PBXResourcesBuildPhase section */

/* Begin PBXSourcesBuildPhase section */
		C089842C27BE0ADB00B95025 /* Sources */ = {
			isa = PBXSourcesBuildPhase;
			buildActionMask = 2147483647;
			files = (
				C0B544BF27D25EEF00F20D5E /* UIViewController.swift in Sources */,
				C089846E27BE0DFB00B95025 /* NotificationController.swift in Sources */,
				C04F344C27C7BB850063DAA8 /* TweetService.swift in Sources */,
				C0B544BB27D25E5400F20D5E /* UITextField.swift in Sources */,
				C0B544C127D25F3B00F20D5E /* IndicatorView.swift in Sources */,
				C089843827BE0ADB00B95025 /* ViewController.swift in Sources */,
				C013CB9A27C3992F009CAB28 /* RegisterController.swift in Sources */,
				C0B8271827DDBC770027812A /* ProfileHeaderViewModel.swift in Sources */,
				C089843427BE0ADB00B95025 /* AppDelegate.swift in Sources */,
				C04F344827C7B0B30063DAA8 /* UploadTweetController.swift in Sources */,
				C04F344327C769050063DAA8 /* User.swift in Sources */,
				C04F344A27C7B6B50063DAA8 /* CaptionTextView.swift in Sources */,
				C03DC55327CFAECF0031F624 /* ProfileFilterView.swift in Sources */,
				C03DC55127CF6C0E0031F624 /* ProfileHeader.swift in Sources */,
				C089846C27BE0D4E00B95025 /* FeedController.swift in Sources */,
				C054355027CCCA6000D0D1BB /* ProfileController.swift in Sources */,
				C0B544BD27D25E7D00F20D5E /* UIImage.swift in Sources */,
				C013CB9527C391C4009CAB28 /* UIColor.swift in Sources */,
				C089846A27BE0BD200B95025 /* MainTabController.swift in Sources */,
				C0EFC0BF27CA705400DB1505 /* Tweet.swift in Sources */,
				C03DC55627CFB0FE0031F624 /* ProfileFilterCell.swift in Sources */,
				C054354E27CCBE2400D0D1BB /* TweetViewModel.swift in Sources */,
				C0D2156E27C3A4BF00434B6A /* Utillities.swift in Sources */,
				C089847227BE0E8500B95025 /* ExploreController.swift in Sources */,
				C000B08727C4CC68003F01D9 /* Constant.swift in Sources */,
				C0E78C8427CBC37800F93C98 /* TweetCell.swift in Sources */,
				C089847027BE0E0A00B95025 /* ConversationController.swift in Sources */,
				C04F344127C7649B0063DAA8 /* UserService.swift in Sources */,
				C089843627BE0ADB00B95025 /* SceneDelegate.swift in Sources */,
				C013CB9827C398CB009CAB28 /* LoginController.swift in Sources */,
				C07A83D327C5FC6F00B79EDF /* AuthService.swift in Sources */,
			);
			runOnlyForDeploymentPostprocessing = 0;
		};
		C089844227BE0ADD00B95025 /* Sources */ = {
			isa = PBXSourcesBuildPhase;
			buildActionMask = 2147483647;
			files = (
				C089844B27BE0ADD00B95025 /* TwitterClodeTests.swift in Sources */,
			);
			runOnlyForDeploymentPostprocessing = 0;
		};
		C089844C27BE0ADD00B95025 /* Sources */ = {
			isa = PBXSourcesBuildPhase;
			buildActionMask = 2147483647;
			files = (
				C089845727BE0ADD00B95025 /* TwitterClodeUITestsLaunchTests.swift in Sources */,
				C089845527BE0ADD00B95025 /* TwitterClodeUITests.swift in Sources */,
			);
			runOnlyForDeploymentPostprocessing = 0;
		};
/* End PBXSourcesBuildPhase section */

/* Begin PBXTargetDependency section */
		C089844827BE0ADD00B95025 /* PBXTargetDependency */ = {
			isa = PBXTargetDependency;
			target = C089842F27BE0ADB00B95025 /* TwitterClode */;
			targetProxy = C089844727BE0ADD00B95025 /* PBXContainerItemProxy */;
		};
		C089845227BE0ADD00B95025 /* PBXTargetDependency */ = {
			isa = PBXTargetDependency;
			target = C089842F27BE0ADB00B95025 /* TwitterClode */;
			targetProxy = C089845127BE0ADD00B95025 /* PBXContainerItemProxy */;
		};
/* End PBXTargetDependency section */

/* Begin PBXVariantGroup section */
		C089843E27BE0ADD00B95025 /* LaunchScreen.storyboard */ = {
			isa = PBXVariantGroup;
			children = (
				C089843F27BE0ADD00B95025 /* Base */,
			);
			name = LaunchScreen.storyboard;
			sourceTree = "<group>";
		};
/* End PBXVariantGroup section */

/* Begin XCBuildConfiguration section */
		C089845827BE0ADD00B95025 /* Debug */ = {
			isa = XCBuildConfiguration;
			buildSettings = {
				ALWAYS_SEARCH_USER_PATHS = NO;
				CLANG_ANALYZER_NONNULL = YES;
				CLANG_ANALYZER_NUMBER_OBJECT_CONVERSION = YES_AGGRESSIVE;
				CLANG_CXX_LANGUAGE_STANDARD = "gnu++17";
				CLANG_CXX_LIBRARY = "libc++";
				CLANG_ENABLE_MODULES = YES;
				CLANG_ENABLE_OBJC_ARC = YES;
				CLANG_ENABLE_OBJC_WEAK = YES;
				CLANG_WARN_BLOCK_CAPTURE_AUTORELEASING = YES;
				CLANG_WARN_BOOL_CONVERSION = YES;
				CLANG_WARN_COMMA = YES;
				CLANG_WARN_CONSTANT_CONVERSION = YES;
				CLANG_WARN_DEPRECATED_OBJC_IMPLEMENTATIONS = YES;
				CLANG_WARN_DIRECT_OBJC_ISA_USAGE = YES_ERROR;
				CLANG_WARN_DOCUMENTATION_COMMENTS = YES;
				CLANG_WARN_EMPTY_BODY = YES;
				CLANG_WARN_ENUM_CONVERSION = YES;
				CLANG_WARN_INFINITE_RECURSION = YES;
				CLANG_WARN_INT_CONVERSION = YES;
				CLANG_WARN_NON_LITERAL_NULL_CONVERSION = YES;
				CLANG_WARN_OBJC_IMPLICIT_RETAIN_SELF = YES;
				CLANG_WARN_OBJC_LITERAL_CONVERSION = YES;
				CLANG_WARN_OBJC_ROOT_CLASS = YES_ERROR;
				CLANG_WARN_QUOTED_INCLUDE_IN_FRAMEWORK_HEADER = YES;
				CLANG_WARN_RANGE_LOOP_ANALYSIS = YES;
				CLANG_WARN_STRICT_PROTOTYPES = YES;
				CLANG_WARN_SUSPICIOUS_MOVE = YES;
				CLANG_WARN_UNGUARDED_AVAILABILITY = YES_AGGRESSIVE;
				CLANG_WARN_UNREACHABLE_CODE = YES;
				CLANG_WARN__DUPLICATE_METHOD_MATCH = YES;
				COPY_PHASE_STRIP = NO;
				DEBUG_INFORMATION_FORMAT = dwarf;
				ENABLE_STRICT_OBJC_MSGSEND = YES;
				ENABLE_TESTABILITY = YES;
				ENABLE_TESTING_SEARCH_PATHS = YES;
				GCC_C_LANGUAGE_STANDARD = gnu11;
				GCC_DYNAMIC_NO_PIC = NO;
				GCC_NO_COMMON_BLOCKS = YES;
				GCC_OPTIMIZATION_LEVEL = 0;
				GCC_PREPROCESSOR_DEFINITIONS = (
					"DEBUG=1",
					"$(inherited)",
				);
				GCC_WARN_64_TO_32_BIT_CONVERSION = YES;
				GCC_WARN_ABOUT_RETURN_TYPE = YES_ERROR;
				GCC_WARN_UNDECLARED_SELECTOR = YES;
				GCC_WARN_UNINITIALIZED_AUTOS = YES_AGGRESSIVE;
				GCC_WARN_UNUSED_FUNCTION = YES;
				GCC_WARN_UNUSED_VARIABLE = YES;
				IPHONEOS_DEPLOYMENT_TARGET = 15.0;
				MTL_ENABLE_DEBUG_INFO = INCLUDE_SOURCE;
				MTL_FAST_MATH = YES;
				ONLY_ACTIVE_ARCH = YES;
				SDKROOT = iphoneos;
				SWIFT_ACTIVE_COMPILATION_CONDITIONS = DEBUG;
				SWIFT_OPTIMIZATION_LEVEL = "-Onone";
			};
			name = Debug;
		};
		C089845927BE0ADD00B95025 /* Release */ = {
			isa = XCBuildConfiguration;
			buildSettings = {
				ALWAYS_SEARCH_USER_PATHS = NO;
				CLANG_ANALYZER_NONNULL = YES;
				CLANG_ANALYZER_NUMBER_OBJECT_CONVERSION = YES_AGGRESSIVE;
				CLANG_CXX_LANGUAGE_STANDARD = "gnu++17";
				CLANG_CXX_LIBRARY = "libc++";
				CLANG_ENABLE_MODULES = YES;
				CLANG_ENABLE_OBJC_ARC = YES;
				CLANG_ENABLE_OBJC_WEAK = YES;
				CLANG_WARN_BLOCK_CAPTURE_AUTORELEASING = YES;
				CLANG_WARN_BOOL_CONVERSION = YES;
				CLANG_WARN_COMMA = YES;
				CLANG_WARN_CONSTANT_CONVERSION = YES;
				CLANG_WARN_DEPRECATED_OBJC_IMPLEMENTATIONS = YES;
				CLANG_WARN_DIRECT_OBJC_ISA_USAGE = YES_ERROR;
				CLANG_WARN_DOCUMENTATION_COMMENTS = YES;
				CLANG_WARN_EMPTY_BODY = YES;
				CLANG_WARN_ENUM_CONVERSION = YES;
				CLANG_WARN_INFINITE_RECURSION = YES;
				CLANG_WARN_INT_CONVERSION = YES;
				CLANG_WARN_NON_LITERAL_NULL_CONVERSION = YES;
				CLANG_WARN_OBJC_IMPLICIT_RETAIN_SELF = YES;
				CLANG_WARN_OBJC_LITERAL_CONVERSION = YES;
				CLANG_WARN_OBJC_ROOT_CLASS = YES_ERROR;
				CLANG_WARN_QUOTED_INCLUDE_IN_FRAMEWORK_HEADER = YES;
				CLANG_WARN_RANGE_LOOP_ANALYSIS = YES;
				CLANG_WARN_STRICT_PROTOTYPES = YES;
				CLANG_WARN_SUSPICIOUS_MOVE = YES;
				CLANG_WARN_UNGUARDED_AVAILABILITY = YES_AGGRESSIVE;
				CLANG_WARN_UNREACHABLE_CODE = YES;
				CLANG_WARN__DUPLICATE_METHOD_MATCH = YES;
				COPY_PHASE_STRIP = NO;
				DEBUG_INFORMATION_FORMAT = "dwarf-with-dsym";
				ENABLE_NS_ASSERTIONS = NO;
				ENABLE_STRICT_OBJC_MSGSEND = YES;
				ENABLE_TESTING_SEARCH_PATHS = YES;
				GCC_C_LANGUAGE_STANDARD = gnu11;
				GCC_NO_COMMON_BLOCKS = YES;
				GCC_WARN_64_TO_32_BIT_CONVERSION = YES;
				GCC_WARN_ABOUT_RETURN_TYPE = YES_ERROR;
				GCC_WARN_UNDECLARED_SELECTOR = YES;
				GCC_WARN_UNINITIALIZED_AUTOS = YES_AGGRESSIVE;
				GCC_WARN_UNUSED_FUNCTION = YES;
				GCC_WARN_UNUSED_VARIABLE = YES;
				IPHONEOS_DEPLOYMENT_TARGET = 15.0;
				MTL_ENABLE_DEBUG_INFO = NO;
				MTL_FAST_MATH = YES;
				SDKROOT = iphoneos;
				SWIFT_COMPILATION_MODE = wholemodule;
				SWIFT_OPTIMIZATION_LEVEL = "-O";
				VALIDATE_PRODUCT = YES;
			};
			name = Release;
		};
		C089845B27BE0ADD00B95025 /* Debug */ = {
			isa = XCBuildConfiguration;
			buildSettings = {
				ASSETCATALOG_COMPILER_APPICON_NAME = AppIcon;
				ASSETCATALOG_COMPILER_GLOBAL_ACCENT_COLOR_NAME = AccentColor;
				CODE_SIGN_STYLE = Automatic;
				CURRENT_PROJECT_VERSION = 1;
				DEVELOPMENT_TEAM = 4DC5UF7YA9;
				GENERATE_INFOPLIST_FILE = YES;
				INFOPLIST_FILE = TwitterClode/Info.plist;
				INFOPLIST_KEY_UIApplicationSupportsIndirectInputEvents = YES;
				INFOPLIST_KEY_UILaunchStoryboardName = LaunchScreen;
				INFOPLIST_KEY_UIMainStoryboardFile = LaunchScreen;
				INFOPLIST_KEY_UISupportedInterfaceOrientations_iPad = "UIInterfaceOrientationPortrait UIInterfaceOrientationPortraitUpsideDown UIInterfaceOrientationLandscapeLeft UIInterfaceOrientationLandscapeRight";
				INFOPLIST_KEY_UISupportedInterfaceOrientations_iPhone = "UIInterfaceOrientationPortrait UIInterfaceOrientationLandscapeLeft UIInterfaceOrientationLandscapeRight";
				LD_RUNPATH_SEARCH_PATHS = (
					"$(inherited)",
					"@executable_path/Frameworks",
				);
				MARKETING_VERSION = 1.0;
				PRODUCT_BUNDLE_IDENTIFIER = com.gongtae.TwitterClode;
				PRODUCT_NAME = "$(TARGET_NAME)";
				SWIFT_EMIT_LOC_STRINGS = YES;
				SWIFT_VERSION = 5.0;
				TARGETED_DEVICE_FAMILY = "1,2";
			};
			name = Debug;
		};
		C089845C27BE0ADD00B95025 /* Release */ = {
			isa = XCBuildConfiguration;
			buildSettings = {
				ASSETCATALOG_COMPILER_APPICON_NAME = AppIcon;
				ASSETCATALOG_COMPILER_GLOBAL_ACCENT_COLOR_NAME = AccentColor;
				CODE_SIGN_STYLE = Automatic;
				CURRENT_PROJECT_VERSION = 1;
				DEVELOPMENT_TEAM = 4DC5UF7YA9;
				GENERATE_INFOPLIST_FILE = YES;
				INFOPLIST_FILE = TwitterClode/Info.plist;
				INFOPLIST_KEY_UIApplicationSupportsIndirectInputEvents = YES;
				INFOPLIST_KEY_UILaunchStoryboardName = LaunchScreen;
				INFOPLIST_KEY_UIMainStoryboardFile = LaunchScreen;
				INFOPLIST_KEY_UISupportedInterfaceOrientations_iPad = "UIInterfaceOrientationPortrait UIInterfaceOrientationPortraitUpsideDown UIInterfaceOrientationLandscapeLeft UIInterfaceOrientationLandscapeRight";
				INFOPLIST_KEY_UISupportedInterfaceOrientations_iPhone = "UIInterfaceOrientationPortrait UIInterfaceOrientationLandscapeLeft UIInterfaceOrientationLandscapeRight";
				LD_RUNPATH_SEARCH_PATHS = (
					"$(inherited)",
					"@executable_path/Frameworks",
				);
				MARKETING_VERSION = 1.0;
				PRODUCT_BUNDLE_IDENTIFIER = com.gongtae.TwitterClode;
				PRODUCT_NAME = "$(TARGET_NAME)";
				SWIFT_EMIT_LOC_STRINGS = YES;
				SWIFT_VERSION = 5.0;
				TARGETED_DEVICE_FAMILY = "1,2";
			};
			name = Release;
		};
		C089845E27BE0ADD00B95025 /* Debug */ = {
			isa = XCBuildConfiguration;
			buildSettings = {
				ALWAYS_EMBED_SWIFT_STANDARD_LIBRARIES = YES;
				BUNDLE_LOADER = "$(TEST_HOST)";
				CODE_SIGN_STYLE = Automatic;
				CURRENT_PROJECT_VERSION = 1;
				DEVELOPMENT_TEAM = 4DC5UF7YA9;
				GENERATE_INFOPLIST_FILE = YES;
				IPHONEOS_DEPLOYMENT_TARGET = 15.0;
				LD_RUNPATH_SEARCH_PATHS = (
					"$(inherited)",
					"@executable_path/Frameworks",
					"@loader_path/Frameworks",
				);
				MARKETING_VERSION = 1.0;
				PRODUCT_BUNDLE_IDENTIFIER = com.gongtae.TwitterClodeTests;
				PRODUCT_NAME = "$(TARGET_NAME)";
				SWIFT_EMIT_LOC_STRINGS = NO;
				SWIFT_VERSION = 5.0;
				TARGETED_DEVICE_FAMILY = "1,2";
				TEST_HOST = "$(BUILT_PRODUCTS_DIR)/TwitterClode.app/TwitterClode";
			};
			name = Debug;
		};
		C089845F27BE0ADD00B95025 /* Release */ = {
			isa = XCBuildConfiguration;
			buildSettings = {
				ALWAYS_EMBED_SWIFT_STANDARD_LIBRARIES = YES;
				BUNDLE_LOADER = "$(TEST_HOST)";
				CODE_SIGN_STYLE = Automatic;
				CURRENT_PROJECT_VERSION = 1;
				DEVELOPMENT_TEAM = 4DC5UF7YA9;
				GENERATE_INFOPLIST_FILE = YES;
				IPHONEOS_DEPLOYMENT_TARGET = 15.0;
				LD_RUNPATH_SEARCH_PATHS = (
					"$(inherited)",
					"@executable_path/Frameworks",
					"@loader_path/Frameworks",
				);
				MARKETING_VERSION = 1.0;
				PRODUCT_BUNDLE_IDENTIFIER = com.gongtae.TwitterClodeTests;
				PRODUCT_NAME = "$(TARGET_NAME)";
				SWIFT_EMIT_LOC_STRINGS = NO;
				SWIFT_VERSION = 5.0;
				TARGETED_DEVICE_FAMILY = "1,2";
				TEST_HOST = "$(BUILT_PRODUCTS_DIR)/TwitterClode.app/TwitterClode";
			};
			name = Release;
		};
		C089846127BE0ADD00B95025 /* Debug */ = {
			isa = XCBuildConfiguration;
			buildSettings = {
				ALWAYS_EMBED_SWIFT_STANDARD_LIBRARIES = YES;
				CODE_SIGN_STYLE = Automatic;
				CURRENT_PROJECT_VERSION = 1;
				DEVELOPMENT_TEAM = 4DC5UF7YA9;
				GENERATE_INFOPLIST_FILE = YES;
				LD_RUNPATH_SEARCH_PATHS = (
					"$(inherited)",
					"@executable_path/Frameworks",
					"@loader_path/Frameworks",
				);
				MARKETING_VERSION = 1.0;
				PRODUCT_BUNDLE_IDENTIFIER = com.gongtae.TwitterClodeUITests;
				PRODUCT_NAME = "$(TARGET_NAME)";
				SWIFT_EMIT_LOC_STRINGS = NO;
				SWIFT_VERSION = 5.0;
				TARGETED_DEVICE_FAMILY = "1,2";
				TEST_TARGET_NAME = TwitterClode;
			};
			name = Debug;
		};
		C089846227BE0ADD00B95025 /* Release */ = {
			isa = XCBuildConfiguration;
			buildSettings = {
				ALWAYS_EMBED_SWIFT_STANDARD_LIBRARIES = YES;
				CODE_SIGN_STYLE = Automatic;
				CURRENT_PROJECT_VERSION = 1;
				DEVELOPMENT_TEAM = 4DC5UF7YA9;
				GENERATE_INFOPLIST_FILE = YES;
				LD_RUNPATH_SEARCH_PATHS = (
					"$(inherited)",
					"@executable_path/Frameworks",
					"@loader_path/Frameworks",
				);
				MARKETING_VERSION = 1.0;
				PRODUCT_BUNDLE_IDENTIFIER = com.gongtae.TwitterClodeUITests;
				PRODUCT_NAME = "$(TARGET_NAME)";
				SWIFT_EMIT_LOC_STRINGS = NO;
				SWIFT_VERSION = 5.0;
				TARGETED_DEVICE_FAMILY = "1,2";
				TEST_TARGET_NAME = TwitterClode;
			};
			name = Release;
		};
/* End XCBuildConfiguration section */

/* Begin XCConfigurationList section */
		C089842B27BE0ADB00B95025 /* Build configuration list for PBXProject "TwitterClode" */ = {
			isa = XCConfigurationList;
			buildConfigurations = (
				C089845827BE0ADD00B95025 /* Debug */,
				C089845927BE0ADD00B95025 /* Release */,
			);
			defaultConfigurationIsVisible = 0;
			defaultConfigurationName = Release;
		};
		C089845A27BE0ADD00B95025 /* Build configuration list for PBXNativeTarget "TwitterClode" */ = {
			isa = XCConfigurationList;
			buildConfigurations = (
				C089845B27BE0ADD00B95025 /* Debug */,
				C089845C27BE0ADD00B95025 /* Release */,
			);
			defaultConfigurationIsVisible = 0;
			defaultConfigurationName = Release;
		};
		C089845D27BE0ADD00B95025 /* Build configuration list for PBXNativeTarget "TwitterClodeTests" */ = {
			isa = XCConfigurationList;
			buildConfigurations = (
				C089845E27BE0ADD00B95025 /* Debug */,
				C089845F27BE0ADD00B95025 /* Release */,
			);
			defaultConfigurationIsVisible = 0;
			defaultConfigurationName = Release;
		};
		C089846027BE0ADD00B95025 /* Build configuration list for PBXNativeTarget "TwitterClodeUITests" */ = {
			isa = XCConfigurationList;
			buildConfigurations = (
				C089846127BE0ADD00B95025 /* Debug */,
				C089846227BE0ADD00B95025 /* Release */,
			);
			defaultConfigurationIsVisible = 0;
			defaultConfigurationName = Release;
		};
/* End XCConfigurationList section */

/* Begin XCRemoteSwiftPackageReference section */
		C000B07D27C4AB63003F01D9 /* XCRemoteSwiftPackageReference "firebase-ios-sdk" */ = {
			isa = XCRemoteSwiftPackageReference;
			repositoryURL = "https://github.com/firebase/firebase-ios-sdk.git";
			requirement = {
				branch = master;
				kind = branch;
			};
		};
		C04F344427C76DF60063DAA8 /* XCRemoteSwiftPackageReference "SDWebImage" */ = {
			isa = XCRemoteSwiftPackageReference;
			repositoryURL = "https://github.com/SDWebImage/SDWebImage.git";
			requirement = {
				branch = master;
				kind = branch;
			};
		};
		C089847527BE2B8D00B95025 /* XCRemoteSwiftPackageReference "SnapKit" */ = {
			isa = XCRemoteSwiftPackageReference;
			repositoryURL = "https://github.com/SnapKit/SnapKit.git";
			requirement = {
				branch = develop;
				kind = branch;
			};
		};
/* End XCRemoteSwiftPackageReference section */

/* Begin XCSwiftPackageProductDependency section */
		C000B07E27C4AB63003F01D9 /* FirebaseAnalytics */ = {
			isa = XCSwiftPackageProductDependency;
			package = C000B07D27C4AB63003F01D9 /* XCRemoteSwiftPackageReference "firebase-ios-sdk" */;
			productName = FirebaseAnalytics;
		};
		C000B08027C4AB63003F01D9 /* FirebaseAuth */ = {
			isa = XCSwiftPackageProductDependency;
			package = C000B07D27C4AB63003F01D9 /* XCRemoteSwiftPackageReference "firebase-ios-sdk" */;
			productName = FirebaseAuth;
		};
		C000B08227C4AB63003F01D9 /* FirebaseDatabase */ = {
			isa = XCSwiftPackageProductDependency;
			package = C000B07D27C4AB63003F01D9 /* XCRemoteSwiftPackageReference "firebase-ios-sdk" */;
			productName = FirebaseDatabase;
		};
		C000B08427C4AB63003F01D9 /* FirebaseStorage */ = {
			isa = XCSwiftPackageProductDependency;
			package = C000B07D27C4AB63003F01D9 /* XCRemoteSwiftPackageReference "firebase-ios-sdk" */;
			productName = FirebaseStorage;
		};
		C04F344527C76DF60063DAA8 /* SDWebImage */ = {
			isa = XCSwiftPackageProductDependency;
			package = C04F344427C76DF60063DAA8 /* XCRemoteSwiftPackageReference "SDWebImage" */;
			productName = SDWebImage;
		};
		C089847627BE2B8D00B95025 /* SnapKit */ = {
			isa = XCSwiftPackageProductDependency;
			package = C089847527BE2B8D00B95025 /* XCRemoteSwiftPackageReference "SnapKit" */;
			productName = SnapKit;
		};
/* End XCSwiftPackageProductDependency section */
	};
	rootObject = C089842827BE0ADB00B95025 /* Project object */;
}
